uuid: baffe69c-346c-418c-a3c0-7d32d6aa6a85
langcode: nb
status: true
dependencies:
  module:
    - social_profile
    - system
  theme:
    - socialbase
_core:
  default_config_hash: pE5SLEUsVFxhyTg4SI1m2Dc4pZZwBAIpzNSf-kBVECM
id: profile_hero_block
theme: socialbase
region: hero
weight: -15
provider: null
plugin: profile_hero_block
settings:
  id: profile_hero_block
  label: 'Profile hero block'
  label_display: '0'
  provider: social_profile
  context_mapping:
    user: '@social_user.user_route_context:user'
visibility:
  request_path:
    id: request_path
    negate: false
    context_mapping: {  }
    pages: "/user\r\n/user/*"
