uuid: e1693292-1b92-4a00-8f6c-eb65f595a4fd
langcode: nb
status: true
dependencies:
  module:
    - social_user
    - user
  theme:
    - socialbase
id: accountheaderblock
theme: socialbase
region: header
weight: 2
provider: null
plugin: account_header_block
settings:
  id: account_header_block
  label: 'Account header block'
  provider: social_user
  label_display: '0'
  context_mapping:
    user: '@user.current_user_context:current_user'
visibility:
  user_role:
    id: user_role
    roles:
      authenticated: authenticated
      administrator: administrator
    negate: false
    context_mapping:
      user: '@user.current_user_context:current_user'
