uuid: 9189e1eb-201b-4e48-9466-4b8d440a20a5
langcode: nb
status: true
dependencies:
  module:
    - social_topic
    - system
  theme:
    - drupalnorge_theme
id: drupalnorge_theme_topic_add_block
theme: drupalnorge_theme
region: complementary_top
weight: -23
provider: null
plugin: topic_add_block
settings:
  id: topic_add_block
  label: 'Topic add block'
  provider: social_topic
  label_display: '0'
visibility:
  request_path:
    id: request_path
    pages: '/user/*/topics'
    negate: false
    context_mapping: {  }
