uuid: 13943745-f349-4175-8399-8bbcbe6ef11e
langcode: en
status: true
dependencies:
  module:
    - social_group
    - system
  theme:
    - socialblue
_core:
  default_config_hash: 94x75RC8UuwSTKWl4Sry5BoWwTck4je0ktaPkNM3CWI
id: socialblue_groupheroblock
theme: socialblue
region: hero
weight: null
provider: null
plugin: group_hero_block
settings:
  id: group_hero_block
  label: 'Group hero block'
  provider: social_group
  label_display: '0'
visibility:
  request_path:
    id: request_path
    pages: '/group/*'
    negate: false
    context_mapping: {  }
