uuid: c1c7f856-58e3-4adf-89d5-3dbf3347c96b
langcode: nb
status: true
dependencies:
  module:
    - social_group
    - system
  theme:
    - socialblue
_core:
  default_config_hash: IHLul8E5SE9sMZuhVqP1dBRAQhWE1KTjxgn-m7Q5is0
id: socialblue_group_add_block
theme: socialblue
region: complementary_top
weight: -97
provider: null
plugin: group_add_block
settings:
  id: group_add_block
  label: 'Group add block'
  provider: social_group
  label_display: '0'
visibility:
  request_path:
    id: request_path
    pages: '/user/*/groups'
    negate: false
    context_mapping: {  }
