uuid: 80dc376c-2741-409e-99e0-0b106dd92088
langcode: nb
status: true
dependencies: {  }
_core:
  default_config_hash: QS5ySiw68Hp2Nwog9pxCYrK6dHL-ODkCXytg-WNr_mI
id: hero_call_to_action_block
label: 'Hero call to action block'
revision: 0
description: 'Hero block with a call to action (for example on the AN homepage)'
