uuid: 12bbb70b-c38c-4855-ac4b-48b8315e9855
langcode: nb
status: true
dependencies:
  module:
    - social_group
    - system
  theme:
    - socialblue
_core:
  default_config_hash: 5Fg2sB3MTrqBfLN3IJ1sdZzC8oWGrFozTtYQIhaDJdk
id: socialblue_group_add_event_block
theme: socialblue
region: complementary_top
weight: -96
provider: null
plugin: group_add_event_block
settings:
  id: group_add_event_block
  label: 'Group add event block'
  label_display: '0'
  provider: social_group
visibility:
  request_path:
    id: request_path
    negate: false
    context_mapping: {  }
    pages: '/group/*/events'
