uuid: 6b273d13-3295-422b-9f9f-c9258cd2978b
langcode: nb
status: true
dependencies:
  module:
    - social_group
    - system
  theme:
    - drupalnorge_theme
id: drupalnorge_theme_groupheroblock
theme: drupalnorge_theme
region: hero
weight: -24
provider: null
plugin: group_hero_block
settings:
  id: group_hero_block
  label: 'Group hero block'
  label_display: '0'
  provider: social_group
visibility:
  request_path:
    id: request_path
    negate: false
    context_mapping: {  }
    pages: '/group/*'
