uuid: 4fc775c1-e8c2-48cb-a674-5547b5e07096
langcode: nb
status: true
dependencies:
  module:
    - social_post
    - system
  theme:
    - drupalnorge_theme
_core:
  default_config_hash: P48P5vAKh5cdHENgfiw66njirMIylYzdKUN2jOQg00o
id: drupalnorge_theme_postblock
theme: drupalnorge_theme
region: hidden
weight: -7
provider: null
plugin: post_block
settings:
  id: post_block
  label: 'Post block'
  provider: social_post
  label_display: '0'
visibility:
  request_path:
    id: request_path
    pages: /stream
    negate: false
    context_mapping: {  }
