uuid: f8ae2216-15bb-44fa-b070-c8f7c03794e0
langcode: nb
status: true
dependencies:
  module:
    - social_group
    - system
  theme:
    - drupalnorge_theme
id: drupalnorge_theme_group_add_block
theme: drupalnorge_theme
region: complementary_top
weight: -22
provider: null
plugin: group_add_block
settings:
  id: group_add_block
  label: 'Group add block'
  label_display: '0'
  provider: social_group
visibility:
  request_path:
    id: request_path
    negate: false
    context_mapping: {  }
    pages: '/user/*/groups'
