uuid: 328d43ab-95fd-47e9-90bf-59a0ae54b7b4
langcode: nb
status: true
dependencies:
  module:
    - social_group
    - system
  theme:
    - socialbase
_core:
  default_config_hash: gVVKBv0XM0-cDJPAEM_KQ1SvA6lKbXbrRMkkcOWFd8k
id: group_add_topic_block
theme: socialbase
region: complementary_top
weight: -95
provider: null
plugin: group_add_topic_block
settings:
  id: group_add_topic_block
  label: 'Group add topic block'
  label_display: '0'
  provider: social_group
visibility:
  request_path:
    id: request_path
    negate: false
    context_mapping: {  }
    pages: '/group/*/topics'
