uuid: 0f62a219-e35c-4bb4-94e3-96804d530710
langcode: nb
status: true
dependencies:
  config:
    - views.view.latest_topics
  module:
    - system
    - views
  theme:
    - socialblue
_core:
  default_config_hash: EvCkD77gpygY5UP2Hi6bGX1qjoff05znzcClwPsP8iY
id: socialblue_views_block__latest_topics_group_topics_block
theme: socialblue
region: complementary_bottom
weight: 3
provider: null
plugin: 'views_block:latest_topics-group_topics_block'
settings:
  id: 'views_block:latest_topics-group_topics_block'
  label: ''
  provider: views
  label_display: visible
  views_label: ''
  items_per_page: none
  type: none
visibility:
  request_path:
    id: request_path
    pages: "/group/*/stream\r\n/group/*/about"
    negate: false
    context_mapping: {  }
