uuid: e0611db1-2539-43ee-9309-fef6c793ac37
langcode: nb
status: true
dependencies:
  module:
    - social_event
    - system
  theme:
    - socialblue
_core:
  default_config_hash: pOz-j9GCewa6cTdNbFqnt20dPt-rruPLZUcGw22Xc24
id: socialblue_event_add_block
theme: socialblue
region: complementary_top
weight: -99
provider: null
plugin: event_add_block
settings:
  id: event_add_block
  label: 'Event add block'
  provider: social_event
  label_display: '0'
visibility:
  request_path:
    id: request_path
    pages: '/user/*/events'
    negate: false
    context_mapping: {  }
