uuid: 1aa5b22a-7afb-46aa-ab5e-1cac36eb0d28
langcode: nb
status: true
dependencies:
  module:
    - social_post
    - system
  theme:
    - drupalnorge_theme
_core:
  default_config_hash: b5E5NPiSRKlKRNZcEWgscia7LJXEHE6iMoBAyh0uJRU
id: drupalnorge_theme_postonprofileblock
theme: drupalnorge_theme
region: hidden
weight: -9
provider: null
plugin: post_profile_block
settings:
  id: post_profile_block
  label: 'Post on profile block'
  label_display: '0'
  provider: social_post
visibility:
  request_path:
    id: request_path
    negate: false
    context_mapping: {  }
    pages: '/user/*/stream'
