uuid: 396dc654-6f6b-4c32-a4ed-4ba2cb865b70
langcode: nb
status: true
dependencies:
  content:
    - 'block_content:hero_call_to_action_block:8bb9d4bb-f182-4afc-b138-8a4b802824e4'
  module:
    - block_content
    - system
    - user
  theme:
    - socialblue
_core:
  default_config_hash: _2nk0nU1RIaVO43S8JTkEA9lALoySulaYH_bbsS4j7o
id: socialblue_anhomepageheroblock
theme: socialblue
region: hero
weight: -15
provider: null
plugin: 'block_content:8bb9d4bb-f182-4afc-b138-8a4b802824e4'
settings:
  id: 'block_content:8bb9d4bb-f182-4afc-b138-8a4b802824e4'
  label: 'AN homepage hero block'
  label_display: '0'
  provider: block_content
  status: true
  info: ''
  view_mode: full
visibility:
  request_path:
    id: request_path
    negate: false
    context_mapping: {  }
    pages: /stream
  user_role:
    id: user_role
    negate: false
    context_mapping:
      user: '@user.current_user_context:current_user'
    roles:
      anonymous: anonymous
